{
  "version": 4,
  "terraform_version": "1.2.3",
  "serial": 81,
  "lineage": "1a8f7f39-23c5-d28a-3b5d-ceebd6d87ed1",
  "outputs": {},
  "resources": [
    {
      "mode": "managed",
      "type": "azurerm_linux_virtual_machine",
      "name": "vm",
      "provider": "provider[\"registry.terraform.io/hashicorp/azurerm\"]",
      "instances": [
        {
          "schema_version": 0,
          "attributes": {
            "additional_capabilities": [],
            "admin_password": null,
            "admin_ssh_key": [
              {
                "public_key": "ssh-rsa AAAAB3NzaC1yc2EAAAADAQABAAABAQDBg5g8JzYzYMX+En4eEQTBirfhgq1muoDbY95hgSFxDRU358dJZvHG2FAcHDBENTIosyE8C1PggVBdrNWJe/HZjPLJPbWccJ7Kk5vLtZexTQFaBPdi//IwwwYtDglVoJYTk6ro/B6V5Lq2rA8GmHqPIGE8UQ/K193BJ+7pAE9hAO8phNREHGQGJmZ2hd+wf+qtZIiQNwpddwrQeLUzRT46YblypwPFD/7nV7j+rtHVTEt4WFF5Z6uq5+rLekD0aXJotc8D28CQsTYNth8e8JUa4d6nj8c0gFrTb6u9Lbo8G+Zx5VS0Kl6BRMqnjkjk6gGp2euGGbwJcPZdBDwqajbp jerrys@Jerrys-MBP.lan\n",
                "username": "adminuser"
              }
            ],
            "admin_username": "adminuser",
            "allow_extension_operations": true,
            "availability_set_id": "",
            "boot_diagnostics": [],
            "computer_name": "vmdev",
            "custom_data": null,
            "dedicated_host_group_id": "",
            "dedicated_host_id": "",
            "disable_password_authentication": true,
            "edge_zone": "",
            "encryption_at_host_enabled": false,
            "eviction_policy": "",
            "extensions_time_budget": "PT1H30M",
            "id": "/subscriptions/195189f7-38db-48e9-8e79-a72596572df2/resourceGroups/elite_general_connection/providers/Microsoft.Compute/virtualMachines/vmdev",
            "identity": [],
            "license_type": "",
            "location": "eastus",
            "max_bid_price": -1,
            "name": "vmdev",
            "network_interface_ids": [
              "/subscriptions/195189f7-38db-48e9-8e79-a72596572df2/resourceGroups/elite_general_connection/providers/Microsoft.Network/networkInterfaces/elite_interface-nic"
            ],
            "os_disk": [
              {
                "caching": "ReadWrite",
                "diff_disk_settings": [],
                "disk_encryption_set_id": "",
                "disk_size_gb": 30,
                "name": "vmdev_OsDisk_1_cbb18ef164b44552a120b0fa54a77917",
                "storage_account_type": "Standard_LRS",
                "write_accelerator_enabled": false
              }
            ],
            "patch_mode": "ImageDefault",
            "plan": [],
            "platform_fault_domain": -1,
            "priority": "Regular",
            "private_ip_address": "10.0.3.4",
            "private_ip_addresses": [
              "10.0.3.4"
            ],
            "provision_vm_agent": true,
            "proximity_placement_group_id": "",
            "public_ip_address": "",
            "public_ip_addresses": [],
            "resource_group_name": "elite_general_connection",
            "secret": [],
            "secure_boot_enabled": false,
            "size": "Standard_F2",
            "source_image_id": "",
            "source_image_reference": [
              {
                "offer": "UbuntuServer",
                "publisher": "Canonical",
                "sku": "16.04-LTS",
                "version": "latest"
              }
            ],
            "tags": {},
            "termination_notification": [],
            "timeouts": null,
            "user_data": "",
            "virtual_machine_id": "0882607d-75b5-417d-b8b9-f13ed538acfb",
            "virtual_machine_scale_set_id": "",
            "vtpm_enabled": false,
            "zone": ""
          },
          "sensitive_attributes": [],
          "private": "eyJlMmJmYjczMC1lY2FhLTExZTYtOGY4OC0zNDM2M2JjN2M0YzAiOnsiY3JlYXRlIjoyNzAwMDAwMDAwMDAwLCJkZWxldGUiOjI3MDAwMDAwMDAwMDAsInJlYWQiOjMwMDAwMDAwMDAwMCwidXBkYXRlIjoyNzAwMDAwMDAwMDAwfX0=",
          "dependencies": [
            "azurerm_network_interface.elite_interface",
            "azurerm_public_ip.elitedev_pip",
            "azurerm_resource_group.elite_general_connection",
            "azurerm_subnet.application_subnet1",
            "azurerm_virtual_network.elitedev_vnet1"
          ]
        }
      ]
    },
    {
      "mode": "managed",
      "type": "azurerm_network_interface",
      "name": "elite_interface",
      "provider": "provider[\"registry.terraform.io/hashicorp/azurerm\"]",
      "instances": [
        {
          "schema_version": 0,
          "attributes": {
            "applied_dns_servers": [],
            "dns_servers": [],
            "edge_zone": "",
            "enable_accelerated_networking": false,
            "enable_ip_forwarding": false,
            "id": "/subscriptions/195189f7-38db-48e9-8e79-a72596572df2/resourceGroups/elite_general_connection/providers/Microsoft.Network/networkInterfaces/elite_interface-nic",
            "internal_dns_name_label": "",
            "internal_domain_name_suffix": "4d1e4p5n3gtuzmu2hfxvh3aazf.bx.internal.cloudapp.net",
            "ip_configuration": [
              {
                "gateway_load_balancer_frontend_ip_configuration_id": "",
                "name": "internal",
                "primary": true,
                "private_ip_address": "10.0.3.4",
                "private_ip_address_allocation": "Dynamic",
                "private_ip_address_version": "IPv4",
                "public_ip_address_id": "/subscriptions/195189f7-38db-48e9-8e79-a72596572df2/resourceGroups/elite_general_connection/providers/Microsoft.Network/publicIPAddresses/elitedev_pip",
                "subnet_id": "/subscriptions/195189f7-38db-48e9-8e79-a72596572df2/resourceGroups/elite_general_connection/providers/Microsoft.Network/virtualNetworks/elitedev_vnet1/subnets/application_subnet1"
              }
            ],
            "location": "eastus",
            "mac_address": "00-0D-3A-18-4E-5D",
            "name": "elite_interface-nic",
            "private_ip_address": "10.0.3.4",
            "private_ip_addresses": [
              "10.0.3.4"
            ],
            "resource_group_name": "elite_general_connection",
            "tags": {},
            "timeouts": null,
            "virtual_machine_id": "/subscriptions/195189f7-38db-48e9-8e79-a72596572df2/resourceGroups/elite_general_connection/providers/Microsoft.Compute/virtualMachines/vmdev"
          },
          "sensitive_attributes": [],
          "private": "eyJlMmJmYjczMC1lY2FhLTExZTYtOGY4OC0zNDM2M2JjN2M0YzAiOnsiY3JlYXRlIjoxODAwMDAwMDAwMDAwLCJkZWxldGUiOjE4MDAwMDAwMDAwMDAsInJlYWQiOjMwMDAwMDAwMDAwMCwidXBkYXRlIjoxODAwMDAwMDAwMDAwfX0=",
          "dependencies": [
            "azurerm_public_ip.elitedev_pip",
            "azurerm_resource_group.elite_general_connection",
            "azurerm_subnet.application_subnet1"
          ]
        }
      ]
    },
    {
      "mode": "managed",
      "type": "azurerm_network_security_group",
      "name": "elite_devnsg1",
      "provider": "provider[\"registry.terraform.io/hashicorp/azurerm\"]",
      "instances": [
        {
          "schema_version": 0,
          "attributes": {
            "id": "/subscriptions/195189f7-38db-48e9-8e79-a72596572df2/resourceGroups/elite_general_connection/providers/Microsoft.Network/networkSecurityGroups/elite_devnsg1",
            "location": "eastus",
            "name": "elite_devnsg1",
            "resource_group_name": "elite_general_connection",
            "security_rule": [
              {
                "access": "Allow",
                "description": "",
                "destination_address_prefix": "VirtualNetwork",
                "destination_address_prefixes": [],
                "destination_application_security_group_ids": [],
                "destination_port_range": "22",
                "destination_port_ranges": [],
                "direction": "Inbound",
                "name": "ssh",
                "priority": 100,
                "protocol": "Tcp",
                "source_address_prefix": "184.92.221.250/32",
                "source_address_prefixes": [],
                "source_application_security_group_ids": [],
                "source_port_range": "*",
                "source_port_ranges": []
              }
            ],
            "tags": {},
            "timeouts": null
          },
          "sensitive_attributes": [],
          "private": "eyJlMmJmYjczMC1lY2FhLTExZTYtOGY4OC0zNDM2M2JjN2M0YzAiOnsiY3JlYXRlIjoxODAwMDAwMDAwMDAwLCJkZWxldGUiOjE4MDAwMDAwMDAwMDAsInJlYWQiOjMwMDAwMDAwMDAwMCwidXBkYXRlIjoxODAwMDAwMDAwMDAwfX0=",
          "dependencies": [
            "azurerm_resource_group.elite_general_connection"
          ]
        }
      ]
    },
    {
      "mode": "managed",
      "type": "azurerm_network_security_rule",
      "name": "rule-1",
      "provider": "provider[\"registry.terraform.io/hashicorp/azurerm\"]",
      "instances": [
        {
          "schema_version": 0,
          "attributes": {
            "access": "Allow",
            "description": "",
            "destination_address_prefix": "VirtualNetwork",
            "destination_address_prefixes": [],
            "destination_application_security_group_ids": [],
            "destination_port_range": "22",
            "destination_port_ranges": [],
            "direction": "Inbound",
            "id": "/subscriptions/195189f7-38db-48e9-8e79-a72596572df2/resourceGroups/elite_general_connection/providers/Microsoft.Network/networkSecurityGroups/elite_devnsg1/securityRules/ssh",
            "name": "ssh",
            "network_security_group_name": "elite_devnsg1",
            "priority": 100,
            "protocol": "Tcp",
            "resource_group_name": "elite_general_connection",
            "source_address_prefix": "184.92.221.250/32",
            "source_address_prefixes": [],
            "source_application_security_group_ids": [],
            "source_port_range": "*",
            "source_port_ranges": [],
            "timeouts": null
          },
          "sensitive_attributes": [],
          "private": "eyJlMmJmYjczMC1lY2FhLTExZTYtOGY4OC0zNDM2M2JjN2M0YzAiOnsiY3JlYXRlIjoxODAwMDAwMDAwMDAwLCJkZWxldGUiOjE4MDAwMDAwMDAwMDAsInJlYWQiOjMwMDAwMDAwMDAwMCwidXBkYXRlIjoxODAwMDAwMDAwMDAwfX0=",
          "dependencies": [
            "azurerm_network_security_group.elite_devnsg1",
            "azurerm_resource_group.elite_general_connection"
          ]
        }
      ]
    },
    {
      "mode": "managed",
      "type": "azurerm_public_ip",
      "name": "elitedev_pip",
      "provider": "provider[\"registry.terraform.io/hashicorp/azurerm\"]",
      "instances": [
        {
          "schema_version": 0,
          "attributes": {
            "allocation_method": "Static",
            "domain_name_label": null,
            "edge_zone": "",
            "fqdn": null,
            "id": "/subscriptions/195189f7-38db-48e9-8e79-a72596572df2/resourceGroups/elite_general_connection/providers/Microsoft.Network/publicIPAddresses/elitedev_pip",
            "idle_timeout_in_minutes": 4,
            "ip_address": "20.228.224.171",
            "ip_tags": {},
            "ip_version": "IPv4",
            "location": "eastus",
            "name": "elitedev_pip",
            "public_ip_prefix_id": null,
            "resource_group_name": "elite_general_connection",
            "reverse_fqdn": null,
            "sku": "Basic",
            "sku_tier": "Regional",
            "tags": {
              "environment": "Production"
            },
            "timeouts": null,
            "zones": []
          },
          "sensitive_attributes": [],
          "private": "eyJlMmJmYjczMC1lY2FhLTExZTYtOGY4OC0zNDM2M2JjN2M0YzAiOnsiY3JlYXRlIjoxODAwMDAwMDAwMDAwLCJkZWxldGUiOjE4MDAwMDAwMDAwMDAsInJlYWQiOjMwMDAwMDAwMDAwMCwidXBkYXRlIjoxODAwMDAwMDAwMDAwfX0=",
          "dependencies": [
            "azurerm_resource_group.elite_general_connection"
          ]
        }
      ]
    },
    {
      "mode": "managed",
      "type": "azurerm_resource_group",
      "name": "elite_general_connection",
      "provider": "provider[\"registry.terraform.io/hashicorp/azurerm\"]",
      "instances": [
        {
          "schema_version": 0,
          "attributes": {
            "id": "/subscriptions/195189f7-38db-48e9-8e79-a72596572df2/resourceGroups/elite_general_connection",
            "location": "eastus",
            "name": "elite_general_connection",
            "tags": {},
            "timeouts": null
          },
          "sensitive_attributes": [],
          "private": "eyJlMmJmYjczMC1lY2FhLTExZTYtOGY4OC0zNDM2M2JjN2M0YzAiOnsiY3JlYXRlIjo1NDAwMDAwMDAwMDAwLCJkZWxldGUiOjU0MDAwMDAwMDAwMDAsInJlYWQiOjMwMDAwMDAwMDAwMCwidXBkYXRlIjo1NDAwMDAwMDAwMDAwfX0="
        }
      ]
    },
    {
      "mode": "managed",
      "type": "azurerm_resource_group",
      "name": "elite_general_network",
      "provider": "provider[\"registry.terraform.io/hashicorp/azurerm\"]",
      "instances": [
        {
          "schema_version": 0,
          "attributes": {
            "id": "/subscriptions/195189f7-38db-48e9-8e79-a72596572df2/resourceGroups/elite_general_network",
            "location": "eastus",
            "name": "elite_general_network",
            "tags": {},
            "timeouts": null
          },
          "sensitive_attributes": [],
          "private": "eyJlMmJmYjczMC1lY2FhLTExZTYtOGY4OC0zNDM2M2JjN2M0YzAiOnsiY3JlYXRlIjo1NDAwMDAwMDAwMDAwLCJkZWxldGUiOjU0MDAwMDAwMDAwMDAsInJlYWQiOjMwMDAwMDAwMDAwMCwidXBkYXRlIjo1NDAwMDAwMDAwMDAwfX0="
        }
      ]
    },
    {
      "mode": "managed",
      "type": "azurerm_route_table",
      "name": "elitedev_route2",
      "provider": "provider[\"registry.terraform.io/hashicorp/azurerm\"]",
      "instances": [
        {
          "schema_version": 0,
          "attributes": {
            "disable_bgp_route_propagation": false,
            "id": "/subscriptions/195189f7-38db-48e9-8e79-a72596572df2/resourceGroups/elite_general_connection/providers/Microsoft.Network/routeTables/elitedev_route2",
            "location": "eastus",
            "name": "elitedev_route2",
            "resource_group_name": "elite_general_connection",
            "route": [
              {
                "address_prefix": "10.0.0.0/16",
                "name": "elitedev-route",
                "next_hop_in_ip_address": "",
                "next_hop_type": "VnetLocal"
              }
            ],
            "subnets": [
              "/subscriptions/195189f7-38db-48e9-8e79-a72596572df2/resourceGroups/elite_general_connection/providers/Microsoft.Network/virtualNetworks/elitedev_vnet1/subnets/application_subnet1"
            ],
            "tags": {},
            "timeouts": null
          },
          "sensitive_attributes": [],
          "private": "eyJlMmJmYjczMC1lY2FhLTExZTYtOGY4OC0zNDM2M2JjN2M0YzAiOnsiY3JlYXRlIjoxODAwMDAwMDAwMDAwLCJkZWxldGUiOjE4MDAwMDAwMDAwMDAsInJlYWQiOjMwMDAwMDAwMDAwMCwidXBkYXRlIjoxODAwMDAwMDAwMDAwfX0=",
          "dependencies": [
            "azurerm_resource_group.elite_general_connection"
          ]
        }
      ]
    },
    {
      "mode": "managed",
      "type": "azurerm_subnet",
      "name": "application_subnet1",
      "provider": "provider[\"registry.terraform.io/hashicorp/azurerm\"]",
      "instances": [
        {
          "schema_version": 0,
          "attributes": {
            "address_prefixes": [
              "10.0.3.0/24"
            ],
            "delegation": [],
            "enforce_private_link_endpoint_network_policies": false,
            "enforce_private_link_service_network_policies": false,
            "id": "/subscriptions/195189f7-38db-48e9-8e79-a72596572df2/resourceGroups/elite_general_connection/providers/Microsoft.Network/virtualNetworks/elitedev_vnet1/subnets/application_subnet1",
            "name": "application_subnet1",
            "resource_group_name": "elite_general_connection",
            "service_endpoint_policy_ids": [],
            "service_endpoints": [],
            "timeouts": null,
            "virtual_network_name": "elitedev_vnet1"
          },
          "sensitive_attributes": [],
          "private": "eyJlMmJmYjczMC1lY2FhLTExZTYtOGY4OC0zNDM2M2JjN2M0YzAiOnsiY3JlYXRlIjoxODAwMDAwMDAwMDAwLCJkZWxldGUiOjE4MDAwMDAwMDAwMDAsInJlYWQiOjMwMDAwMDAwMDAwMCwidXBkYXRlIjoxODAwMDAwMDAwMDAwfX0=",
          "dependencies": [
            "azurerm_resource_group.elite_general_connection",
            "azurerm_virtual_network.elitedev_vnet1"
          ]
        }
      ]
    },
    {
      "mode": "managed",
      "type": "azurerm_subnet_network_security_group_association",
      "name": "elite_devnsg_assoc_application_subnet1",
      "provider": "provider[\"registry.terraform.io/hashicorp/azurerm\"]",
      "instances": [
        {
          "schema_version": 0,
          "attributes": {
            "id": "/subscriptions/195189f7-38db-48e9-8e79-a72596572df2/resourceGroups/elite_general_connection/providers/Microsoft.Network/virtualNetworks/elitedev_vnet1/subnets/application_subnet1",
            "network_security_group_id": "/subscriptions/195189f7-38db-48e9-8e79-a72596572df2/resourceGroups/elite_general_connection/providers/Microsoft.Network/networkSecurityGroups/elite_devnsg1",
            "subnet_id": "/subscriptions/195189f7-38db-48e9-8e79-a72596572df2/resourceGroups/elite_general_connection/providers/Microsoft.Network/virtualNetworks/elitedev_vnet1/subnets/application_subnet1",
            "timeouts": null
          },
          "sensitive_attributes": [],
          "private": "eyJlMmJmYjczMC1lY2FhLTExZTYtOGY4OC0zNDM2M2JjN2M0YzAiOnsiY3JlYXRlIjoxODAwMDAwMDAwMDAwLCJkZWxldGUiOjE4MDAwMDAwMDAwMDAsInJlYWQiOjMwMDAwMDAwMDAwMCwidXBkYXRlIjoxODAwMDAwMDAwMDAwfX0=",
          "dependencies": [
            "azurerm_network_security_group.elite_devnsg1",
            "azurerm_resource_group.elite_general_connection",
            "azurerm_subnet.application_subnet1",
            "azurerm_virtual_network.elitedev_vnet1"
          ]
        }
      ]
    },
    {
      "mode": "managed",
      "type": "azurerm_subnet_route_table_association",
      "name": "elitedev_assoc",
      "provider": "provider[\"registry.terraform.io/hashicorp/azurerm\"]",
      "instances": [
        {
          "schema_version": 0,
          "attributes": {
            "id": "/subscriptions/195189f7-38db-48e9-8e79-a72596572df2/resourceGroups/elite_general_connection/providers/Microsoft.Network/virtualNetworks/elitedev_vnet1/subnets/application_subnet1",
            "route_table_id": "/subscriptions/195189f7-38db-48e9-8e79-a72596572df2/resourceGroups/elite_general_connection/providers/Microsoft.Network/routeTables/elitedev_route2",
            "subnet_id": "/subscriptions/195189f7-38db-48e9-8e79-a72596572df2/resourceGroups/elite_general_connection/providers/Microsoft.Network/virtualNetworks/elitedev_vnet1/subnets/application_subnet1",
            "timeouts": null
          },
          "sensitive_attributes": [],
          "private": "eyJlMmJmYjczMC1lY2FhLTExZTYtOGY4OC0zNDM2M2JjN2M0YzAiOnsiY3JlYXRlIjoxODAwMDAwMDAwMDAwLCJkZWxldGUiOjE4MDAwMDAwMDAwMDAsInJlYWQiOjMwMDAwMDAwMDAwMCwidXBkYXRlIjoxODAwMDAwMDAwMDAwfX0=",
          "dependencies": [
            "azurerm_resource_group.elite_general_connection",
            "azurerm_route_table.elitedev_route2",
            "azurerm_subnet.application_subnet1",
            "azurerm_virtual_network.elitedev_vnet1"
          ]
        }
      ]
    },
    {
      "mode": "managed",
      "type": "azurerm_virtual_network",
      "name": "elitedev_vnet1",
      "provider": "provider[\"registry.terraform.io/hashicorp/azurerm\"]",
      "instances": [
        {
          "schema_version": 0,
          "attributes": {
            "address_space": [
              "10.0.0.0/16"
            ],
            "bgp_community": "",
            "ddos_protection_plan": [],
            "dns_servers": [
              "10.0.0.4",
              "10.0.0.5"
            ],
            "edge_zone": "",
            "flow_timeout_in_minutes": 0,
            "guid": "3f4ff6f0-e9ed-4ca7-b29c-396f53f400cd",
            "id": "/subscriptions/195189f7-38db-48e9-8e79-a72596572df2/resourceGroups/elite_general_connection/providers/Microsoft.Network/virtualNetworks/elitedev_vnet1",
            "location": "eastus",
            "name": "elitedev_vnet1",
            "resource_group_name": "elite_general_connection",
            "subnet": [
              {
                "address_prefix": "10.0.3.0/24",
                "id": "/subscriptions/195189f7-38db-48e9-8e79-a72596572df2/resourceGroups/elite_general_connection/providers/Microsoft.Network/virtualNetworks/elitedev_vnet1/subnets/application_subnet1",
                "name": "application_subnet1",
                "security_group": "/subscriptions/195189f7-38db-48e9-8e79-a72596572df2/resourceGroups/elite_general_connection/providers/Microsoft.Network/networkSecurityGroups/elite_devnsg1"
              }
            ],
            "tags": {},
            "timeouts": null
          },
          "sensitive_attributes": [],
          "private": "eyJlMmJmYjczMC1lY2FhLTExZTYtOGY4OC0zNDM2M2JjN2M0YzAiOnsiY3JlYXRlIjoxODAwMDAwMDAwMDAwLCJkZWxldGUiOjE4MDAwMDAwMDAwMDAsInJlYWQiOjMwMDAwMDAwMDAwMCwidXBkYXRlIjoxODAwMDAwMDAwMDAwfX0=",
          "dependencies": [
            "azurerm_resource_group.elite_general_connection"
          ]
        }
      ]
    }
  ]
}
